// !$*UTF8*$!
{
	archiveVersion = 1;
	classes = {
	};
	objectVersion = 46;
	objects = {

/* Begin PBXBuildFile section */
		1A022E03152D0D7000E42862 /* CoreFoundation.framework in Frameworks */ = {isa = PBXBuildFile; fileRef = 1A022E02152D0D7000E42862 /* CoreFoundation.framework */; };
		1A04C8F51548874100873C7A /* EditRecordedInsultViewController.m in Sources */ = {isa = PBXBuildFile; fileRef = 1A04C8F41548874100873C7A /* EditRecordedInsultViewController.m */; };
		1A04C8F915488B8D00873C7A /* delete_button@2x.png in Resources */ = {isa = PBXBuildFile; fileRef = 1A04C8F715488B8D00873C7A /* delete_button@2x.png */; };
		1A04C8FA15488B8D00873C7A /* delete_button.png in Resources */ = {isa = PBXBuildFile; fileRef = 1A04C8F815488B8D00873C7A /* delete_button.png */; };
		1A83A636152BBF1600532D8E /* UIKit.framework in Frameworks */ = {isa = PBXBuildFile; fileRef = 1A83A635152BBF1600532D8E /* UIKit.framework */; };
		1A83A638152BBF1600532D8E /* Foundation.framework in Frameworks */ = {isa = PBXBuildFile; fileRef = 1A83A637152BBF1600532D8E /* Foundation.framework */; };
		1A83A63A152BBF1600532D8E /* CoreGraphics.framework in Frameworks */ = {isa = PBXBuildFile; fileRef = 1A83A639152BBF1600532D8E /* CoreGraphics.framework */; };
		1A83A63C152BBF1600532D8E /* CoreData.framework in Frameworks */ = {isa = PBXBuildFile; fileRef = 1A83A63B152BBF1600532D8E /* CoreData.framework */; };
		1A83A642152BBF1600532D8E /* InfoPlist.strings in Resources */ = {isa = PBXBuildFile; fileRef = 1A83A640152BBF1600532D8E /* InfoPlist.strings */; };
		1A83A644152BBF1600532D8E /* main.m in Sources */ = {isa = PBXBuildFile; fileRef = 1A83A643152BBF1600532D8E /* main.m */; };
		1A83A648152BBF1600532D8E /* AppDelegate.m in Sources */ = {isa = PBXBuildFile; fileRef = 1A83A647152BBF1600532D8E /* AppDelegate.m */; };
		1A83A64B152BBF1600532D8E /* MainStoryboard_iPhone.storyboard in Resources */ = {isa = PBXBuildFile; fileRef = 1A83A649152BBF1600532D8E /* MainStoryboard_iPhone.storyboard */; };
		1A83A64E152BBF1600532D8E /* MainStoryboard_iPad.storyboard in Resources */ = {isa = PBXBuildFile; fileRef = 1A83A64C152BBF1600532D8E /* MainStoryboard_iPad.storyboard */; };
		1A83A651152BBF1700532D8E /* SonnensMouth.xcdatamodeld in Sources */ = {isa = PBXBuildFile; fileRef = 1A83A64F152BBF1700532D8E /* SonnensMouth.xcdatamodeld */; };
		1A83A654152BBF1700532D8E /* MainViewController.m in Sources */ = {isa = PBXBuildFile; fileRef = 1A83A653152BBF1700532D8E /* MainViewController.m */; };
		1A83A657152BBF1700532D8E /* FlipsideViewController.m in Sources */ = {isa = PBXBuildFile; fileRef = 1A83A656152BBF1700532D8E /* FlipsideViewController.m */; };
		1A83A65F152BBF1700532D8E /* SenTestingKit.framework in Frameworks */ = {isa = PBXBuildFile; fileRef = 1A83A65E152BBF1700532D8E /* SenTestingKit.framework */; };
		1A83A660152BBF1700532D8E /* UIKit.framework in Frameworks */ = {isa = PBXBuildFile; fileRef = 1A83A635152BBF1600532D8E /* UIKit.framework */; };
		1A83A661152BBF1700532D8E /* Foundation.framework in Frameworks */ = {isa = PBXBuildFile; fileRef = 1A83A637152BBF1600532D8E /* Foundation.framework */; };
		1A83A662152BBF1700532D8E /* CoreData.framework in Frameworks */ = {isa = PBXBuildFile; fileRef = 1A83A63B152BBF1600532D8E /* CoreData.framework */; };
		1A83A66A152BBF1700532D8E /* InfoPlist.strings in Resources */ = {isa = PBXBuildFile; fileRef = 1A83A668152BBF1700532D8E /* InfoPlist.strings */; };
		1A83A66D152BBF1700532D8E /* SonnensMouthTests.m in Sources */ = {isa = PBXBuildFile; fileRef = 1A83A66C152BBF1700532D8E /* SonnensMouthTests.m */; };
		1A83A679152BD4BF00532D8E /* sonnen_smiling_messedup.jpg in Resources */ = {isa = PBXBuildFile; fileRef = 1A83A678152BD4BF00532D8E /* sonnen_smiling_messedup.jpg */; };
		1A83A67B152BDA2E00532D8E /* sonnen_smiling.jpg in Resources */ = {isa = PBXBuildFile; fileRef = 1A83A67A152BDA2E00532D8E /* sonnen_smiling.jpg */; };
		1A83A683152C259800532D8E /* AudioToolbox.framework in Frameworks */ = {isa = PBXBuildFile; fileRef = 1A83A681152C259800532D8E /* AudioToolbox.framework */; };
		1A83A684152C259800532D8E /* AVFoundation.framework in Frameworks */ = {isa = PBXBuildFile; fileRef = 1A83A682152C259800532D8E /* AVFoundation.framework */; };
		1A83A689152C5F9500532D8E /* PlaySoundUIButton.m in Sources */ = {isa = PBXBuildFile; fileRef = 1A83A688152C5F9500532D8E /* PlaySoundUIButton.m */; };
		1A83A68F152C63AA00532D8E /* SonnensMouth.m in Sources */ = {isa = PBXBuildFile; fileRef = 1A83A68E152C63AA00532D8E /* SonnensMouth.m */; };
		1A83A694152C6A3800532D8E /* erect-statue-and-bow.m4a in Resources */ = {isa = PBXBuildFile; fileRef = 1A83A693152C6A3800532D8E /* erect-statue-and-bow.m4a */; };
		1A8423211543A4E300582779 /* anderson-silva.m4a in Resources */ = {isa = PBXBuildFile; fileRef = 1A84231E1543A4E300582779 /* anderson-silva.m4a */; };
		1A8423251543A71500582779 /* guess-what.m4a in Resources */ = {isa = PBXBuildFile; fileRef = 1A8423241543A71500582779 /* guess-what.m4a */; };
		1A8423281543A76A00582779 /* im-like-facing-four-men.m4a in Resources */ = {isa = PBXBuildFile; fileRef = 1A8423261543A76A00582779 /* im-like-facing-four-men.m4a */; };
		1A8423291543A76A00582779 /* im-the-baddest-man-god-ever-made.m4a in Resources */ = {isa = PBXBuildFile; fileRef = 1A8423271543A76A00582779 /* im-the-baddest-man-god-ever-made.m4a */; };
		1A84232D1543AC3D00582779 /* tried-to-feed-a-bus-a-carrot.m4a in Resources */ = {isa = PBXBuildFile; fileRef = 1A84232C1543AC3D00582779 /* tried-to-feed-a-bus-a-carrot.m4a */; };
		1A8423331543BA4C00582779 /* grease-saint-pierre.m4a in Resources */ = {isa = PBXBuildFile; fileRef = 1A8423321543BA4C00582779 /* grease-saint-pierre.m4a */; };
		1A8423351543BD9400582779 /* wanderlei.m4a in Resources */ = {isa = PBXBuildFile; fileRef = 1A8423341543BD9400582779 /* wanderlei.m4a */; };
		1A8423371543BEF500582779 /* i-heard-that-dur-dur-dur.m4a in Resources */ = {isa = PBXBuildFile; fileRef = 1A8423361543BEF400582779 /* i-heard-that-dur-dur-dur.m4a */; };
		1A8423391543C85700582779 /* never-piss-of-a-gangster.m4a in Resources */ = {isa = PBXBuildFile; fileRef = 1A8423381543C85700582779 /* never-piss-of-a-gangster.m4a */; };
		1A84233B1543D0C200582779 /* ahh-you-know.m4a in Resources */ = {isa = PBXBuildFile; fileRef = 1A84233A1543D0C200582779 /* ahh-you-know.m4a */; };
		1A84233D1543D38800582779 /* he-tried-to-feed-a-bus-a-carrot.m4a in Resources */ = {isa = PBXBuildFile; fileRef = 1A84233C1543D38700582779 /* he-tried-to-feed-a-bus-a-carrot.m4a */; };
		1A84233F1544113700582779 /* well-ah-eh-oh-i-dont-know-i-eh.m4a in Resources */ = {isa = PBXBuildFile; fileRef = 1A84233E1544113600582779 /* well-ah-eh-oh-i-dont-know-i-eh.m4a */; };
		1A842345154418E200582779 /* i-am-a-gangster-from-america.m4a in Resources */ = {isa = PBXBuildFile; fileRef = 1A842344154418E200582779 /* i-am-a-gangster-from-america.m4a */; };
		1A84234715441A3200582779 /* lyoto-machida.m4a in Resources */ = {isa = PBXBuildFile; fileRef = 1A84234615441A3200582779 /* lyoto-machida.m4a */; };
		1A84234B15441FB400582779 /* hes-not-qualified-to-make-a-sandwhich.m4a in Resources */ = {isa = PBXBuildFile; fileRef = 1A84234A15441FB400582779 /* hes-not-qualified-to-make-a-sandwhich.m4a */; };
		1A84234D1544234E00582779 /* you-could-download-an-app-on-your-iphone-and-replace.m4a in Resources */ = {isa = PBXBuildFile; fileRef = 1A84234C1544234D00582779 /* you-could-download-an-app-on-your-iphone-and-replace.m4a */; };
		1A84234F154428DF00582779 /* whoahhh.m4a in Resources */ = {isa = PBXBuildFile; fileRef = 1A84234E154428DE00582779 /* whoahhh.m4a */; };
		1A84235115442F4600582779 /* anderson-anderson.m4a in Resources */ = {isa = PBXBuildFile; fileRef = 1A84235015442F4400582779 /* anderson-anderson.m4a */; };
		1A92B826153D3EAD001BE1C7 /* TweetsViewController.m in Sources */ = {isa = PBXBuildFile; fileRef = 1A92B825153D3EAD001BE1C7 /* TweetsViewController.m */; };
		1A92B82E153E8902001BE1C7 /* SaidSoViewController.m in Sources */ = {isa = PBXBuildFile; fileRef = 1A92B82D153E8901001BE1C7 /* SaidSoViewController.m */; };
		1A92B836153EE003001BE1C7 /* chael-p-sonnen-and-the-p-stands-for-perfection.m4a in Resources */ = {isa = PBXBuildFile; fileRef = 1A92B835153EE003001BE1C7 /* chael-p-sonnen-and-the-p-stands-for-perfection.m4a */; };
		1AB6CA5515476AA800D7924B /* this-guys-delusional.m4a in Resources */ = {isa = PBXBuildFile; fileRef = 1AB6CA5415476AA800D7924B /* this-guys-delusional.m4a */; };
		1AB6CA5715476AB500D7924B /* ah-eh-oh-uh-ah-uhm.m4a in Resources */ = {isa = PBXBuildFile; fileRef = 1AB6CA5615476AB500D7924B /* ah-eh-oh-uh-ah-uhm.m4a */; };
		1AB6CA5915476E1F00D7924B /* do-you-remember-when-i-said.m4a in Resources */ = {isa = PBXBuildFile; fileRef = 1AB6CA5815476E1F00D7924B /* do-you-remember-when-i-said.m4a */; };
		1AB6CA5E15476FA300D7924B /* DirectoryListViewController.m in Sources */ = {isa = PBXBuildFile; fileRef = 1AB6CA5A15476FA300D7924B /* DirectoryListViewController.m */; };
		1AB6CA5F15476FA300D7924B /* Barrage.m in Sources */ = {isa = PBXBuildFile; fileRef = 1AB6CA5C15476FA300D7924B /* Barrage.m */; };
		1AB6CA6215476FC500D7924B /* ActionsViewController.m in Sources */ = {isa = PBXBuildFile; fileRef = 1AB6CA6015476FC500D7924B /* ActionsViewController.m */; };
		1AB6CA6A15476FE300D7924B /* NSManagedObject+PlayedSound.m in Sources */ = {isa = PBXBuildFile; fileRef = 1AB6CA6615476FE300D7924B /* NSManagedObject+PlayedSound.m */; };
		1AB6CA6B15476FE300D7924B /* NSManagedObject+Barrage.m in Sources */ = {isa = PBXBuildFile; fileRef = 1AB6CA6815476FE300D7924B /* NSManagedObject+Barrage.m */; };
		1AB6CA6E15476FF200D7924B /* PlayedSound.m in Sources */ = {isa = PBXBuildFile; fileRef = 1AB6CA6C15476FF200D7924B /* PlayedSound.m */; };
		1AB6CA701547701300D7924B /* MoreViewController.m in Sources */ = {isa = PBXBuildFile; fileRef = 1AB6CA6F1547701300D7924B /* MoreViewController.m */; };
		1AC6D3A815427596004A74D0 /* RecordedInsultsViewController.m in Sources */ = {isa = PBXBuildFile; fileRef = 1AC6D3A715427596004A74D0 /* RecordedInsultsViewController.m */; };
		1AC6D3AF15427806004A74D0 /* joo-jeet-su.m4a in Resources */ = {isa = PBXBuildFile; fileRef = 1AC6D3AE15427806004A74D0 /* joo-jeet-su.m4a */; };
		1AC6D3B115428021004A74D0 /* CoreMedia.framework in Frameworks */ = {isa = PBXBuildFile; fileRef = 1AC6D3B015428021004A74D0 /* CoreMedia.framework */; };
/* End PBXBuildFile section */

/* Begin PBXContainerItemProxy section */
		1A83A663152BBF1700532D8E /* PBXContainerItemProxy */ = {
			isa = PBXContainerItemProxy;
			containerPortal = 1A83A628152BBF1500532D8E /* Project object */;
			proxyType = 1;
			remoteGlobalIDString = 1A83A630152BBF1600532D8E;
			remoteInfo = SonnensMouth;
		};
/* End PBXContainerItemProxy section */

/* Begin PBXFileReference section */
		1A022E02152D0D7000E42862 /* CoreFoundation.framework */ = {isa = PBXFileReference; lastKnownFileType = wrapper.framework; name = CoreFoundation.framework; path = System/Library/Frameworks/CoreFoundation.framework; sourceTree = SDKROOT; };
		1A04C8F31548874100873C7A /* EditRecordedInsultViewController.h */ = {isa = PBXFileReference; fileEncoding = 4; lastKnownFileType = sourcecode.c.h; path = EditRecordedInsultViewController.h; sourceTree = "<group>"; };
		1A04C8F41548874100873C7A /* EditRecordedInsultViewController.m */ = {isa = PBXFileReference; fileEncoding = 4; lastKnownFileType = sourcecode.c.objc; path = EditRecordedInsultViewController.m; sourceTree = "<group>"; };
		1A04C8F715488B8D00873C7A /* delete_button@2x.png */ = {isa = PBXFileReference; lastKnownFileType = image.png; path = "delete_button@2x.png"; sourceTree = "<group>"; };
		1A04C8F815488B8D00873C7A /* delete_button.png */ = {isa = PBXFileReference; lastKnownFileType = image.png; path = delete_button.png; sourceTree = "<group>"; };
		1A83A631152BBF1600532D8E /* SonnensMouth.app */ = {isa = PBXFileReference; explicitFileType = wrapper.application; includeInIndex = 0; path = SonnensMouth.app; sourceTree = BUILT_PRODUCTS_DIR; };
		1A83A635152BBF1600532D8E /* UIKit.framework */ = {isa = PBXFileReference; lastKnownFileType = wrapper.framework; name = UIKit.framework; path = System/Library/Frameworks/UIKit.framework; sourceTree = SDKROOT; };
		1A83A637152BBF1600532D8E /* Foundation.framework */ = {isa = PBXFileReference; lastKnownFileType = wrapper.framework; name = Foundation.framework; path = System/Library/Frameworks/Foundation.framework; sourceTree = SDKROOT; };
		1A83A639152BBF1600532D8E /* CoreGraphics.framework */ = {isa = PBXFileReference; lastKnownFileType = wrapper.framework; name = CoreGraphics.framework; path = System/Library/Frameworks/CoreGraphics.framework; sourceTree = SDKROOT; };
		1A83A63B152BBF1600532D8E /* CoreData.framework */ = {isa = PBXFileReference; lastKnownFileType = wrapper.framework; name = CoreData.framework; path = System/Library/Frameworks/CoreData.framework; sourceTree = SDKROOT; };
		1A83A63F152BBF1600532D8E /* SonnensMouth-Info.plist */ = {isa = PBXFileReference; lastKnownFileType = text.plist.xml; path = "SonnensMouth-Info.plist"; sourceTree = "<group>"; };
		1A83A641152BBF1600532D8E /* en */ = {isa = PBXFileReference; lastKnownFileType = text.plist.strings; name = en; path = en.lproj/InfoPlist.strings; sourceTree = "<group>"; };
		1A83A643152BBF1600532D8E /* main.m */ = {isa = PBXFileReference; lastKnownFileType = sourcecode.c.objc; path = main.m; sourceTree = "<group>"; };
		1A83A645152BBF1600532D8E /* SonnensMouth-Prefix.pch */ = {isa = PBXFileReference; lastKnownFileType = sourcecode.c.h; path = "SonnensMouth-Prefix.pch"; sourceTree = "<group>"; };
		1A83A646152BBF1600532D8E /* AppDelegate.h */ = {isa = PBXFileReference; lastKnownFileType = sourcecode.c.h; path = AppDelegate.h; sourceTree = "<group>"; };
		1A83A647152BBF1600532D8E /* AppDelegate.m */ = {isa = PBXFileReference; lastKnownFileType = sourcecode.c.objc; path = AppDelegate.m; sourceTree = "<group>"; };
		1A83A64A152BBF1600532D8E /* en */ = {isa = PBXFileReference; lastKnownFileType = file.storyboard; name = en; path = en.lproj/MainStoryboard_iPhone.storyboard; sourceTree = "<group>"; };
		1A83A64D152BBF1600532D8E /* en */ = {isa = PBXFileReference; lastKnownFileType = file.storyboard; name = en; path = en.lproj/MainStoryboard_iPad.storyboard; sourceTree = "<group>"; };
		1A83A650152BBF1700532D8E /* SonnensMouth.xcdatamodel */ = {isa = PBXFileReference; lastKnownFileType = wrapper.xcdatamodel; path = SonnensMouth.xcdatamodel; sourceTree = "<group>"; };
		1A83A652152BBF1700532D8E /* MainViewController.h */ = {isa = PBXFileReference; lastKnownFileType = sourcecode.c.h; path = MainViewController.h; sourceTree = "<group>"; };
		1A83A653152BBF1700532D8E /* MainViewController.m */ = {isa = PBXFileReference; lastKnownFileType = sourcecode.c.objc; path = MainViewController.m; sourceTree = "<group>"; };
		1A83A655152BBF1700532D8E /* FlipsideViewController.h */ = {isa = PBXFileReference; lastKnownFileType = sourcecode.c.h; path = FlipsideViewController.h; sourceTree = "<group>"; };
		1A83A656152BBF1700532D8E /* FlipsideViewController.m */ = {isa = PBXFileReference; lastKnownFileType = sourcecode.c.objc; path = FlipsideViewController.m; sourceTree = "<group>"; };
		1A83A65D152BBF1700532D8E /* SonnensMouthTests.octest */ = {isa = PBXFileReference; explicitFileType = wrapper.cfbundle; includeInIndex = 0; path = SonnensMouthTests.octest; sourceTree = BUILT_PRODUCTS_DIR; };
		1A83A65E152BBF1700532D8E /* SenTestingKit.framework */ = {isa = PBXFileReference; lastKnownFileType = wrapper.framework; name = SenTestingKit.framework; path = Library/Frameworks/SenTestingKit.framework; sourceTree = DEVELOPER_DIR; };
		1A83A667152BBF1700532D8E /* SonnensMouthTests-Info.plist */ = {isa = PBXFileReference; lastKnownFileType = text.plist.xml; path = "SonnensMouthTests-Info.plist"; sourceTree = "<group>"; };
		1A83A669152BBF1700532D8E /* en */ = {isa = PBXFileReference; lastKnownFileType = text.plist.strings; name = en; path = en.lproj/InfoPlist.strings; sourceTree = "<group>"; };
		1A83A66B152BBF1700532D8E /* SonnensMouthTests.h */ = {isa = PBXFileReference; lastKnownFileType = sourcecode.c.h; path = SonnensMouthTests.h; sourceTree = "<group>"; };
		1A83A66C152BBF1700532D8E /* SonnensMouthTests.m */ = {isa = PBXFileReference; lastKnownFileType = sourcecode.c.objc; path = SonnensMouthTests.m; sourceTree = "<group>"; };
		1A83A678152BD4BF00532D8E /* sonnen_smiling_messedup.jpg */ = {isa = PBXFileReference; lastKnownFileType = image.jpeg; path = sonnen_smiling_messedup.jpg; sourceTree = "<group>"; };
		1A83A67A152BDA2E00532D8E /* sonnen_smiling.jpg */ = {isa = PBXFileReference; lastKnownFileType = image.jpeg; path = sonnen_smiling.jpg; sourceTree = "<group>"; };
		1A83A67C152BDA7400532D8E /* SonnensMouth.h */ = {isa = PBXFileReference; fileEncoding = 4; lastKnownFileType = sourcecode.c.h; path = SonnensMouth.h; sourceTree = "<group>"; };
		1A83A681152C259800532D8E /* AudioToolbox.framework */ = {isa = PBXFileReference; lastKnownFileType = wrapper.framework; name = AudioToolbox.framework; path = System/Library/Frameworks/AudioToolbox.framework; sourceTree = SDKROOT; };
		1A83A682152C259800532D8E /* AVFoundation.framework */ = {isa = PBXFileReference; lastKnownFileType = wrapper.framework; name = AVFoundation.framework; path = System/Library/Frameworks/AVFoundation.framework; sourceTree = SDKROOT; };
		1A83A687152C5F9400532D8E /* PlaySoundUIButton.h */ = {isa = PBXFileReference; fileEncoding = 4; lastKnownFileType = sourcecode.c.h; path = PlaySoundUIButton.h; sourceTree = "<group>"; };
		1A83A688152C5F9500532D8E /* PlaySoundUIButton.m */ = {isa = PBXFileReference; fileEncoding = 4; lastKnownFileType = sourcecode.c.objc; path = PlaySoundUIButton.m; sourceTree = "<group>"; };
		1A83A68E152C63AA00532D8E /* SonnensMouth.m */ = {isa = PBXFileReference; fileEncoding = 4; lastKnownFileType = sourcecode.c.objc; path = SonnensMouth.m; sourceTree = "<group>"; };
		1A83A693152C6A3800532D8E /* erect-statue-and-bow.m4a */ = {isa = PBXFileReference; lastKnownFileType = file; path = "erect-statue-and-bow.m4a"; sourceTree = "<group>"; };
		1A84231E1543A4E300582779 /* anderson-silva.m4a */ = {isa = PBXFileReference; lastKnownFileType = file; name = "anderson-silva.m4a"; path = "../../../sonnenstuff/sounds/anderson-silva.m4a"; sourceTree = "<group>"; };
		1A84231F1543A4E300582779 /* lyoto-machida.m4a */ = {isa = PBXFileReference; lastKnownFileType = file; name = "lyoto-machida.m4a"; path = "../../../sonnenstuff/sounds/lyoto-machida.m4a"; sourceTree = "<group>"; };
		1A8423241543A71500582779 /* guess-what.m4a */ = {isa = PBXFileReference; lastKnownFileType = file; name = "guess-what.m4a"; path = "../../../sonnenstuff/sounds/guess-what.m4a"; sourceTree = "<group>"; };
		1A8423261543A76A00582779 /* im-like-facing-four-men.m4a */ = {isa = PBXFileReference; lastKnownFileType = file; name = "im-like-facing-four-men.m4a"; path = "../../../sonnenstuff/sounds/im-like-facing-four-men.m4a"; sourceTree = "<group>"; };
		1A8423271543A76A00582779 /* im-the-baddest-man-god-ever-made.m4a */ = {isa = PBXFileReference; lastKnownFileType = file; name = "im-the-baddest-man-god-ever-made.m4a"; path = "../../../sonnenstuff/sounds/im-the-baddest-man-god-ever-made.m4a"; sourceTree = "<group>"; };
		1A84232C1543AC3D00582779 /* tried-to-feed-a-bus-a-carrot.m4a */ = {isa = PBXFileReference; lastKnownFileType = file; name = "tried-to-feed-a-bus-a-carrot.m4a"; path = "../../../sonnenstuff/sounds/tried-to-feed-a-bus-a-carrot.m4a"; sourceTree = "<group>"; };
		1A8423321543BA4C00582779 /* grease-saint-pierre.m4a */ = {isa = PBXFileReference; lastKnownFileType = file; path = "grease-saint-pierre.m4a"; sourceTree = "<group>"; };
		1A8423341543BD9400582779 /* wanderlei.m4a */ = {isa = PBXFileReference; lastKnownFileType = file; path = wanderlei.m4a; sourceTree = "<group>"; };
		1A8423361543BEF400582779 /* i-heard-that-dur-dur-dur.m4a */ = {isa = PBXFileReference; lastKnownFileType = file; path = "i-heard-that-dur-dur-dur.m4a"; sourceTree = "<group>"; };
		1A8423381543C85700582779 /* never-piss-of-a-gangster.m4a */ = {isa = PBXFileReference; lastKnownFileType = file; path = "never-piss-of-a-gangster.m4a"; sourceTree = "<group>"; };
		1A84233A1543D0C200582779 /* ahh-you-know.m4a */ = {isa = PBXFileReference; lastKnownFileType = file; path = "ahh-you-know.m4a"; sourceTree = "<group>"; };
		1A84233C1543D38700582779 /* he-tried-to-feed-a-bus-a-carrot.m4a */ = {isa = PBXFileReference; lastKnownFileType = file; path = "he-tried-to-feed-a-bus-a-carrot.m4a"; sourceTree = "<group>"; };
		1A84233E1544113600582779 /* well-ah-eh-oh-i-dont-know-i-eh.m4a */ = {isa = PBXFileReference; lastKnownFileType = file; path = "well-ah-eh-oh-i-dont-know-i-eh.m4a"; sourceTree = "<group>"; };
		1A842344154418E200582779 /* i-am-a-gangster-from-america.m4a */ = {isa = PBXFileReference; lastKnownFileType = file; path = "i-am-a-gangster-from-america.m4a"; sourceTree = "<group>"; };
		1A84234615441A3200582779 /* lyoto-machida.m4a */ = {isa = PBXFileReference; lastKnownFileType = file; path = "lyoto-machida.m4a"; sourceTree = "<group>"; };
		1A84234A15441FB400582779 /* hes-not-qualified-to-make-a-sandwhich.m4a */ = {isa = PBXFileReference; lastKnownFileType = file; path = "hes-not-qualified-to-make-a-sandwhich.m4a"; sourceTree = "<group>"; };
		1A84234C1544234D00582779 /* you-could-download-an-app-on-your-iphone-and-replace.m4a */ = {isa = PBXFileReference; lastKnownFileType = file; path = "you-could-download-an-app-on-your-iphone-and-replace.m4a"; sourceTree = "<group>"; };
		1A84234E154428DE00582779 /* whoahhh.m4a */ = {isa = PBXFileReference; lastKnownFileType = file; path = whoahhh.m4a; sourceTree = "<group>"; };
		1A84235015442F4400582779 /* anderson-anderson.m4a */ = {isa = PBXFileReference; lastKnownFileType = file; path = "anderson-anderson.m4a"; sourceTree = "<group>"; };
		1A92B824153D3EAD001BE1C7 /* TweetsViewController.h */ = {isa = PBXFileReference; fileEncoding = 4; lastKnownFileType = sourcecode.c.h; path = TweetsViewController.h; sourceTree = "<group>"; };
		1A92B825153D3EAD001BE1C7 /* TweetsViewController.m */ = {isa = PBXFileReference; fileEncoding = 4; lastKnownFileType = sourcecode.c.objc; path = TweetsViewController.m; sourceTree = "<group>"; };
		1A92B82C153E8901001BE1C7 /* SaidSoViewController.h */ = {isa = PBXFileReference; fileEncoding = 4; lastKnownFileType = sourcecode.c.h; path = SaidSoViewController.h; sourceTree = "<group>"; };
		1A92B82D153E8901001BE1C7 /* SaidSoViewController.m */ = {isa = PBXFileReference; fileEncoding = 4; lastKnownFileType = sourcecode.c.objc; path = SaidSoViewController.m; sourceTree = "<group>"; };
		1A92B835153EE003001BE1C7 /* chael-p-sonnen-and-the-p-stands-for-perfection.m4a */ = {isa = PBXFileReference; lastKnownFileType = file; path = "chael-p-sonnen-and-the-p-stands-for-perfection.m4a"; sourceTree = "<group>"; };
		1AB6CA5415476AA800D7924B /* this-guys-delusional.m4a */ = {isa = PBXFileReference; lastKnownFileType = file; path = "this-guys-delusional.m4a"; sourceTree = "<group>"; };
		1AB6CA5615476AB500D7924B /* ah-eh-oh-uh-ah-uhm.m4a */ = {isa = PBXFileReference; lastKnownFileType = file; path = "ah-eh-oh-uh-ah-uhm.m4a"; sourceTree = "<group>"; };
		1AB6CA5815476E1F00D7924B /* do-you-remember-when-i-said.m4a */ = {isa = PBXFileReference; lastKnownFileType = file; path = "do-you-remember-when-i-said.m4a"; sourceTree = "<group>"; };
		1AB6CA5A15476FA300D7924B /* DirectoryListViewController.m */ = {isa = PBXFileReference; fileEncoding = 4; lastKnownFileType = sourcecode.c.objc; path = DirectoryListViewController.m; sourceTree = "<group>"; };
		1AB6CA5B15476FA300D7924B /* DirectoryListViewController.h */ = {isa = PBXFileReference; fileEncoding = 4; lastKnownFileType = sourcecode.c.h; path = DirectoryListViewController.h; sourceTree = "<group>"; };
		1AB6CA5C15476FA300D7924B /* Barrage.m */ = {isa = PBXFileReference; fileEncoding = 4; lastKnownFileType = sourcecode.c.objc; path = Barrage.m; sourceTree = "<group>"; };
		1AB6CA5D15476FA300D7924B /* Barrage.h */ = {isa = PBXFileReference; fileEncoding = 4; lastKnownFileType = sourcecode.c.h; path = Barrage.h; sourceTree = "<group>"; };
		1AB6CA6015476FC500D7924B /* ActionsViewController.m */ = {isa = PBXFileReference; fileEncoding = 4; lastKnownFileType = sourcecode.c.objc; path = ActionsViewController.m; sourceTree = "<group>"; };
		1AB6CA6115476FC500D7924B /* ActionsViewController.h */ = {isa = PBXFileReference; fileEncoding = 4; lastKnownFileType = sourcecode.c.h; path = ActionsViewController.h; sourceTree = "<group>"; };
		1AB6CA6415476FD500D7924B /* MoreViewController.h */ = {isa = PBXFileReference; fileEncoding = 4; lastKnownFileType = sourcecode.c.h; path = MoreViewController.h; sourceTree = "<group>"; };
		1AB6CA6615476FE300D7924B /* NSManagedObject+PlayedSound.m */ = {isa = PBXFileReference; fileEncoding = 4; lastKnownFileType = sourcecode.c.objc; path = "NSManagedObject+PlayedSound.m"; sourceTree = "<group>"; };
		1AB6CA6715476FE300D7924B /* NSManagedObject+PlayedSound.h */ = {isa = PBXFileReference; fileEncoding = 4; lastKnownFileType = sourcecode.c.h; path = "NSManagedObject+PlayedSound.h"; sourceTree = "<group>"; };
		1AB6CA6815476FE300D7924B /* NSManagedObject+Barrage.m */ = {isa = PBXFileReference; fileEncoding = 4; lastKnownFileType = sourcecode.c.objc; path = "NSManagedObject+Barrage.m"; sourceTree = "<group>"; };
		1AB6CA6915476FE300D7924B /* NSManagedObject+Barrage.h */ = {isa = PBXFileReference; fileEncoding = 4; lastKnownFileType = sourcecode.c.h; path = "NSManagedObject+Barrage.h"; sourceTree = "<group>"; };
		1AB6CA6C15476FF200D7924B /* PlayedSound.m */ = {isa = PBXFileReference; fileEncoding = 4; lastKnownFileType = sourcecode.c.objc; path = PlayedSound.m; sourceTree = "<group>"; };
		1AB6CA6D15476FF200D7924B /* PlayedSound.h */ = {isa = PBXFileReference; fileEncoding = 4; lastKnownFileType = sourcecode.c.h; path = PlayedSound.h; sourceTree = "<group>"; };
		1AB6CA6F1547701300D7924B /* MoreViewController.m */ = {isa = PBXFileReference; fileEncoding = 4; lastKnownFileType = sourcecode.c.objc; path = MoreViewController.m; sourceTree = "<group>"; };
		1AC6D3A615427596004A74D0 /* RecordedInsultsViewController.h */ = {isa = PBXFileReference; fileEncoding = 4; lastKnownFileType = sourcecode.c.h; path = RecordedInsultsViewController.h; sourceTree = "<group>"; };
		1AC6D3A715427596004A74D0 /* RecordedInsultsViewController.m */ = {isa = PBXFileReference; fileEncoding = 4; lastKnownFileType = sourcecode.c.objc; path = RecordedInsultsViewController.m; sourceTree = "<group>"; };
		1AC6D3AE15427806004A74D0 /* joo-jeet-su.m4a */ = {isa = PBXFileReference; lastKnownFileType = file; path = "joo-jeet-su.m4a"; sourceTree = "<group>"; };
		1AC6D3B015428021004A74D0 /* CoreMedia.framework */ = {isa = PBXFileReference; lastKnownFileType = wrapper.framework; name = CoreMedia.framework; path = System/Library/Frameworks/CoreMedia.framework; sourceTree = SDKROOT; };
/* End PBXFileReference section */

/* Begin PBXFrameworksBuildPhase section */
		1A83A62E152BBF1600532D8E /* Frameworks */ = {
			isa = PBXFrameworksBuildPhase;
			buildActionMask = 2147483647;
			files = (
				1A022E03152D0D7000E42862 /* CoreFoundation.framework in Frameworks */,
				1AC6D3B115428021004A74D0 /* CoreMedia.framework in Frameworks */,
				1A83A683152C259800532D8E /* AudioToolbox.framework in Frameworks */,
				1A83A638152BBF1600532D8E /* Foundation.framework in Frameworks */,
				1A83A684152C259800532D8E /* AVFoundation.framework in Frameworks */,
				1A83A636152BBF1600532D8E /* UIKit.framework in Frameworks */,
				1A83A63A152BBF1600532D8E /* CoreGraphics.framework in Frameworks */,
				1A83A63C152BBF1600532D8E /* CoreData.framework in Frameworks */,
			);
			runOnlyForDeploymentPostprocessing = 0;
		};
		1A83A659152BBF1700532D8E /* Frameworks */ = {
			isa = PBXFrameworksBuildPhase;
			buildActionMask = 2147483647;
			files = (
				1A83A65F152BBF1700532D8E /* SenTestingKit.framework in Frameworks */,
				1A83A660152BBF1700532D8E /* UIKit.framework in Frameworks */,
				1A83A661152BBF1700532D8E /* Foundation.framework in Frameworks */,
				1A83A662152BBF1700532D8E /* CoreData.framework in Frameworks */,
			);
			runOnlyForDeploymentPostprocessing = 0;
		};
/* End PBXFrameworksBuildPhase section */

/* Begin PBXGroup section */
		1A83A626152BBF1500532D8E = {
			isa = PBXGroup;
			children = (
				1A83A63D152BBF1600532D8E /* SonnensMouth */,
				1A83A665152BBF1700532D8E /* SonnensMouthTests */,
				1A83A634152BBF1600532D8E /* Frameworks */,
				1A83A632152BBF1600532D8E /* Products */,
			);
			sourceTree = "<group>";
		};
		1A83A632152BBF1600532D8E /* Products */ = {
			isa = PBXGroup;
			children = (
				1A83A631152BBF1600532D8E /* SonnensMouth.app */,
				1A83A65D152BBF1700532D8E /* SonnensMouthTests.octest */,
			);
			name = Products;
			sourceTree = "<group>";
		};
		1A83A634152BBF1600532D8E /* Frameworks */ = {
			isa = PBXGroup;
			children = (
				1AC6D3B015428021004A74D0 /* CoreMedia.framework */,
				1A022E02152D0D7000E42862 /* CoreFoundation.framework */,
				1A83A681152C259800532D8E /* AudioToolbox.framework */,
				1A83A682152C259800532D8E /* AVFoundation.framework */,
				1A83A635152BBF1600532D8E /* UIKit.framework */,
				1A83A637152BBF1600532D8E /* Foundation.framework */,
				1A83A639152BBF1600532D8E /* CoreGraphics.framework */,
				1A83A63B152BBF1600532D8E /* CoreData.framework */,
				1A83A65E152BBF1700532D8E /* SenTestingKit.framework */,
			);
			name = Frameworks;
			sourceTree = "<group>";
		};
		1A83A63D152BBF1600532D8E /* SonnensMouth */ = {
			isa = PBXGroup;
			children = (
				1AB6CA6015476FC500D7924B /* ActionsViewController.m */,
				1AB6CA6115476FC500D7924B /* ActionsViewController.h */,
				1A83A646152BBF1600532D8E /* AppDelegate.h */,
				1A83A647152BBF1600532D8E /* AppDelegate.m */,
				1AB6CA5C15476FA300D7924B /* Barrage.m */,
				1AB6CA5D15476FA300D7924B /* Barrage.h */,
				1AB6CA5A15476FA300D7924B /* DirectoryListViewController.m */,
				1AB6CA5B15476FA300D7924B /* DirectoryListViewController.h */,
				1A04C8F31548874100873C7A /* EditRecordedInsultViewController.h */,
				1A04C8F41548874100873C7A /* EditRecordedInsultViewController.m */,
				1A83A655152BBF1700532D8E /* FlipsideViewController.h */,
				1A83A656152BBF1700532D8E /* FlipsideViewController.m */,
				1A83A649152BBF1600532D8E /* MainStoryboard_iPhone.storyboard */,
				1A83A64C152BBF1600532D8E /* MainStoryboard_iPad.storyboard */,
				1A83A652152BBF1700532D8E /* MainViewController.h */,
				1A83A653152BBF1700532D8E /* MainViewController.m */,
				1AB6CA6615476FE300D7924B /* NSManagedObject+PlayedSound.m */,
				1AB6CA6715476FE300D7924B /* NSManagedObject+PlayedSound.h */,
				1AB6CA6815476FE300D7924B /* NSManagedObject+Barrage.m */,
				1AB6CA6915476FE300D7924B /* NSManagedObject+Barrage.h */,
				1AB6CA6415476FD500D7924B /* MoreViewController.h */,
				1AB6CA6F1547701300D7924B /* MoreViewController.m */,
				1A83A687152C5F9400532D8E /* PlaySoundUIButton.h */,
				1A83A688152C5F9500532D8E /* PlaySoundUIButton.m */,
				1AB6CA6C15476FF200D7924B /* PlayedSound.m */,
				1AB6CA6D15476FF200D7924B /* PlayedSound.h */,
				1AC6D3A615427596004A74D0 /* RecordedInsultsViewController.h */,
				1AC6D3A715427596004A74D0 /* RecordedInsultsViewController.m */,
				1A92B82C153E8901001BE1C7 /* SaidSoViewController.h */,
				1A92B82D153E8901001BE1C7 /* SaidSoViewController.m */,
				1A83A67C152BDA7400532D8E /* SonnensMouth.h */,
				1A83A68E152C63AA00532D8E /* SonnensMouth.m */,
				1A83A64F152BBF1700532D8E /* SonnensMouth.xcdatamodeld */,
				1A92B824153D3EAD001BE1C7 /* TweetsViewController.h */,
				1A92B825153D3EAD001BE1C7 /* TweetsViewController.m */,
				1A83A63E152BBF1600532D8E /* Supporting Files */,
			);
			path = SonnensMouth;
			sourceTree = "<group>";
		};
		1A83A63E152BBF1600532D8E /* Supporting Files */ = {
			isa = PBXGroup;
			children = (
				1A83A677152BD4A100532D8E /* sounds */,
				1A83A676152BD49500532D8E /* images */,
				1A83A63F152BBF1600532D8E /* SonnensMouth-Info.plist */,
				1A83A640152BBF1600532D8E /* InfoPlist.strings */,
				1A83A643152BBF1600532D8E /* main.m */,
				1A83A645152BBF1600532D8E /* SonnensMouth-Prefix.pch */,
			);
			name = "Supporting Files";
			sourceTree = "<group>";
		};
		1A83A665152BBF1700532D8E /* SonnensMouthTests */ = {
			isa = PBXGroup;
			children = (
				1A83A66B152BBF1700532D8E /* SonnensMouthTests.h */,
				1A83A66C152BBF1700532D8E /* SonnensMouthTests.m */,
				1A83A666152BBF1700532D8E /* Supporting Files */,
			);
			path = SonnensMouthTests;
			sourceTree = "<group>";
		};
		1A83A666152BBF1700532D8E /* Supporting Files */ = {
			isa = PBXGroup;
			children = (
				1A83A667152BBF1700532D8E /* SonnensMouthTests-Info.plist */,
				1A83A668152BBF1700532D8E /* InfoPlist.strings */,
			);
			name = "Supporting Files";
			sourceTree = "<group>";
		};
		1A83A676152BD49500532D8E /* images */ = {
			isa = PBXGroup;
			children = (
				1A04C8F715488B8D00873C7A /* delete_button@2x.png */,
				1A04C8F815488B8D00873C7A /* delete_button.png */,
				1A83A67A152BDA2E00532D8E /* sonnen_smiling.jpg */,
				1A83A678152BD4BF00532D8E /* sonnen_smiling_messedup.jpg */,
			);
			name = images;
			sourceTree = "<group>";
		};
		1A83A677152BD4A100532D8E /* sounds */ = {
			isa = PBXGroup;
			children = (
				1A84233A1543D0C200582779 /* ahh-you-know.m4a */,
				1AB6CA5615476AB500D7924B /* ah-eh-oh-uh-ah-uhm.m4a */,
				1A84235015442F4400582779 /* anderson-anderson.m4a */,
				1A84231E1543A4E300582779 /* anderson-silva.m4a */,
				1A92B835153EE003001BE1C7 /* chael-p-sonnen-and-the-p-stands-for-perfection.m4a */,
				1AB6CA5815476E1F00D7924B /* do-you-remember-when-i-said.m4a */,
				1A83A693152C6A3800532D8E /* erect-statue-and-bow.m4a */,
				1A8423321543BA4C00582779 /* grease-saint-pierre.m4a */,
				1A8423241543A71500582779 /* guess-what.m4a */,
				1A84233C1543D38700582779 /* he-tried-to-feed-a-bus-a-carrot.m4a */,
				1A84234A15441FB400582779 /* hes-not-qualified-to-make-a-sandwhich.m4a */,
				1A842344154418E200582779 /* i-am-a-gangster-from-america.m4a */,
				1A8423361543BEF400582779 /* i-heard-that-dur-dur-dur.m4a */,
				1A8423261543A76A00582779 /* im-like-facing-four-men.m4a */,
				1A8423271543A76A00582779 /* im-the-baddest-man-god-ever-made.m4a */,
				1A84234615441A3200582779 /* lyoto-machida.m4a */,
				1A84231F1543A4E300582779 /* lyoto-machida.m4a */,
				1AC6D3AE15427806004A74D0 /* joo-jeet-su.m4a */,
				1A8423381543C85700582779 /* never-piss-of-a-gangster.m4a */,
				1A84232C1543AC3D00582779 /* tried-to-feed-a-bus-a-carrot.m4a */,
				1AB6CA5415476AA800D7924B /* this-guys-delusional.m4a */,
				1A8423341543BD9400582779 /* wanderlei.m4a */,
				1A84234E154428DE00582779 /* whoahhh.m4a */,
				1A84233E1544113600582779 /* well-ah-eh-oh-i-dont-know-i-eh.m4a */,
				1A84234C1544234D00582779 /* you-could-download-an-app-on-your-iphone-and-replace.m4a */,
			);
			name = sounds;
			sourceTree = "<group>";
		};
/* End PBXGroup section */

/* Begin PBXNativeTarget section */
		1A83A630152BBF1600532D8E /* SonnensMouth */ = {
			isa = PBXNativeTarget;
			buildConfigurationList = 1A83A670152BBF1700532D8E /* Build configuration list for PBXNativeTarget "SonnensMouth" */;
			buildPhases = (
				1A83A62D152BBF1600532D8E /* Sources */,
				1A83A62E152BBF1600532D8E /* Frameworks */,
				1A83A62F152BBF1600532D8E /* Resources */,
			);
			buildRules = (
			);
			dependencies = (
			);
			name = SonnensMouth;
			productName = SonnensMouth;
			productReference = 1A83A631152BBF1600532D8E /* SonnensMouth.app */;
			productType = "com.apple.product-type.application";
		};
		1A83A65C152BBF1700532D8E /* SonnensMouthTests */ = {
			isa = PBXNativeTarget;
			buildConfigurationList = 1A83A673152BBF1700532D8E /* Build configuration list for PBXNativeTarget "SonnensMouthTests" */;
			buildPhases = (
				1A83A658152BBF1700532D8E /* Sources */,
				1A83A659152BBF1700532D8E /* Frameworks */,
				1A83A65A152BBF1700532D8E /* Resources */,
				1A83A65B152BBF1700532D8E /* ShellScript */,
			);
			buildRules = (
			);
			dependencies = (
				1A83A664152BBF1700532D8E /* PBXTargetDependency */,
			);
			name = SonnensMouthTests;
			productName = SonnensMouthTests;
			productReference = 1A83A65D152BBF1700532D8E /* SonnensMouthTests.octest */;
			productType = "com.apple.product-type.bundle";
		};
/* End PBXNativeTarget section */

/* Begin PBXProject section */
		1A83A628152BBF1500532D8E /* Project object */ = {
			isa = PBXProject;
			attributes = {
				LastUpgradeCheck = 0420;
				ORGANIZATIONNAME = dlam.me;
			};
			buildConfigurationList = 1A83A62B152BBF1500532D8E /* Build configuration list for PBXProject "SonnensMouth" */;
			compatibilityVersion = "Xcode 3.2";
			developmentRegion = English;
			hasScannedForEncodings = 0;
			knownRegions = (
				en,
			);
			mainGroup = 1A83A626152BBF1500532D8E;
			productRefGroup = 1A83A632152BBF1600532D8E /* Products */;
			projectDirPath = "";
			projectRoot = "";
			targets = (
				1A83A630152BBF1600532D8E /* SonnensMouth */,
				1A83A65C152BBF1700532D8E /* SonnensMouthTests */,
			);
		};
/* End PBXProject section */

/* Begin PBXResourcesBuildPhase section */
		1A83A62F152BBF1600532D8E /* Resources */ = {
			isa = PBXResourcesBuildPhase;
			buildActionMask = 2147483647;
			files = (
				1A83A642152BBF1600532D8E /* InfoPlist.strings in Resources */,
				1A83A64B152BBF1600532D8E /* MainStoryboard_iPhone.storyboard in Resources */,
				1A83A64E152BBF1600532D8E /* MainStoryboard_iPad.storyboard in Resources */,
				1A83A679152BD4BF00532D8E /* sonnen_smiling_messedup.jpg in Resources */,
				1A83A67B152BDA2E00532D8E /* sonnen_smiling.jpg in Resources */,
				1A8423211543A4E300582779 /* anderson-silva.m4a in Resources */,
				1A92B836153EE003001BE1C7 /* chael-p-sonnen-and-the-p-stands-for-perfection.m4a in Resources */,
				1A83A694152C6A3800532D8E /* erect-statue-and-bow.m4a in Resources */,
				1A8423251543A71500582779 /* guess-what.m4a in Resources */,
				1AC6D3AF15427806004A74D0 /* joo-jeet-su.m4a in Resources */,
				1A8423281543A76A00582779 /* im-like-facing-four-men.m4a in Resources */,
				1A8423291543A76A00582779 /* im-the-baddest-man-god-ever-made.m4a in Resources */,
				1A84232D1543AC3D00582779 /* tried-to-feed-a-bus-a-carrot.m4a in Resources */,
				1A8423331543BA4C00582779 /* grease-saint-pierre.m4a in Resources */,
				1A8423351543BD9400582779 /* wanderlei.m4a in Resources */,
				1A8423371543BEF500582779 /* i-heard-that-dur-dur-dur.m4a in Resources */,
				1A8423391543C85700582779 /* never-piss-of-a-gangster.m4a in Resources */,
				1A84233B1543D0C200582779 /* ahh-you-know.m4a in Resources */,
				1A84233D1543D38800582779 /* he-tried-to-feed-a-bus-a-carrot.m4a in Resources */,
				1A84233F1544113700582779 /* well-ah-eh-oh-i-dont-know-i-eh.m4a in Resources */,
				1A842345154418E200582779 /* i-am-a-gangster-from-america.m4a in Resources */,
				1A84234715441A3200582779 /* lyoto-machida.m4a in Resources */,
				1A84234B15441FB400582779 /* hes-not-qualified-to-make-a-sandwhich.m4a in Resources */,
				1A84234D1544234E00582779 /* you-could-download-an-app-on-your-iphone-and-replace.m4a in Resources */,
				1A84234F154428DF00582779 /* whoahhh.m4a in Resources */,
				1A84235115442F4600582779 /* anderson-anderson.m4a in Resources */,
				1AB6CA5515476AA800D7924B /* this-guys-delusional.m4a in Resources */,
				1AB6CA5715476AB500D7924B /* ah-eh-oh-uh-ah-uhm.m4a in Resources */,
				1AB6CA5915476E1F00D7924B /* do-you-remember-when-i-said.m4a in Resources */,
				1A04C8F915488B8D00873C7A /* delete_button@2x.png in Resources */,
				1A04C8FA15488B8D00873C7A /* delete_button.png in Resources */,
			);
			runOnlyForDeploymentPostprocessing = 0;
		};
		1A83A65A152BBF1700532D8E /* Resources */ = {
			isa = PBXResourcesBuildPhase;
			buildActionMask = 2147483647;
			files = (
				1A83A66A152BBF1700532D8E /* InfoPlist.strings in Resources */,
			);
			runOnlyForDeploymentPostprocessing = 0;
		};
/* End PBXResourcesBuildPhase section */

/* Begin PBXShellScriptBuildPhase section */
		1A83A65B152BBF1700532D8E /* ShellScript */ = {
			isa = PBXShellScriptBuildPhase;
			buildActionMask = 2147483647;
			files = (
			);
			inputPaths = (
			);
			outputPaths = (
			);
			runOnlyForDeploymentPostprocessing = 0;
			shellPath = /bin/sh;
			shellScript = "# Run the unit tests in this test bundle.\n\"${SYSTEM_DEVELOPER_DIR}/Tools/RunUnitTests\"\n";
		};
/* End PBXShellScriptBuildPhase section */

/* Begin PBXSourcesBuildPhase section */
		1A83A62D152BBF1600532D8E /* Sources */ = {
			isa = PBXSourcesBuildPhase;
			buildActionMask = 2147483647;
			files = (
				1A83A644152BBF1600532D8E /* main.m in Sources */,
				1A83A648152BBF1600532D8E /* AppDelegate.m in Sources */,
				1A83A651152BBF1700532D8E /* SonnensMouth.xcdatamodeld in Sources */,
				1A83A654152BBF1700532D8E /* MainViewController.m in Sources */,
				1A83A657152BBF1700532D8E /* FlipsideViewController.m in Sources */,
				1A83A689152C5F9500532D8E /* PlaySoundUIButton.m in Sources */,
				1A83A68F152C63AA00532D8E /* SonnensMouth.m in Sources */,
				1A92B826153D3EAD001BE1C7 /* TweetsViewController.m in Sources */,
				1A92B82E153E8902001BE1C7 /* SaidSoViewController.m in Sources */,
				1AC6D3A815427596004A74D0 /* RecordedInsultsViewController.m in Sources */,
				1AB6CA5E15476FA300D7924B /* DirectoryListViewController.m in Sources */,
				1AB6CA5F15476FA300D7924B /* Barrage.m in Sources */,
				1AB6CA6215476FC500D7924B /* ActionsViewController.m in Sources */,
				1AB6CA6A15476FE300D7924B /* NSManagedObject+PlayedSound.m in Sources */,
				1AB6CA6B15476FE300D7924B /* NSManagedObject+Barrage.m in Sources */,
				1AB6CA6E15476FF200D7924B /* PlayedSound.m in Sources */,
				1AB6CA701547701300D7924B /* MoreViewController.m in Sources */,
				1A04C8F51548874100873C7A /* EditRecordedInsultViewController.m in Sources */,
			);
			runOnlyForDeploymentPostprocessing = 0;
		};
		1A83A658152BBF1700532D8E /* Sources */ = {
			isa = PBXSourcesBuildPhase;
			buildActionMask = 2147483647;
			files = (
				1A83A66D152BBF1700532D8E /* SonnensMouthTests.m in Sources */,
			);
			runOnlyForDeploymentPostprocessing = 0;
		};
/* End PBXSourcesBuildPhase section */

/* Begin PBXTargetDependency section */
		1A83A664152BBF1700532D8E /* PBXTargetDependency */ = {
			isa = PBXTargetDependency;
			target = 1A83A630152BBF1600532D8E /* SonnensMouth */;
			targetProxy = 1A83A663152BBF1700532D8E /* PBXContainerItemProxy */;
		};
/* End PBXTargetDependency section */

/* Begin PBXVariantGroup section */
		1A83A640152BBF1600532D8E /* InfoPlist.strings */ = {
			isa = PBXVariantGroup;
			children = (
				1A83A641152BBF1600532D8E /* en */,
			);
			name = InfoPlist.strings;
			sourceTree = "<group>";
		};
		1A83A649152BBF1600532D8E /* MainStoryboard_iPhone.storyboard */ = {
			isa = PBXVariantGroup;
			children = (
				1A83A64A152BBF1600532D8E /* en */,
			);
			name = MainStoryboard_iPhone.storyboard;
			sourceTree = "<group>";
		};
		1A83A64C152BBF1600532D8E /* MainStoryboard_iPad.storyboard */ = {
			isa = PBXVariantGroup;
			children = (
				1A83A64D152BBF1600532D8E /* en */,
			);
			name = MainStoryboard_iPad.storyboard;
			sourceTree = "<group>";
		};
		1A83A668152BBF1700532D8E /* InfoPlist.strings */ = {
			isa = PBXVariantGroup;
			children = (
				1A83A669152BBF1700532D8E /* en */,
			);
			name = InfoPlist.strings;
			sourceTree = "<group>";
		};
/* End PBXVariantGroup section */

/* Begin XCBuildConfiguration section */
		1A83A66E152BBF1700532D8E /* Debug */ = {
			isa = XCBuildConfiguration;
			buildSettings = {
				ALWAYS_SEARCH_USER_PATHS = NO;
				ARCHS = "$(ARCHS_STANDARD_32_BIT)";
				CLANG_ENABLE_OBJC_ARC = YES;
				"CODE_SIGN_IDENTITY[sdk=iphoneos*]" = "iPhone Developer";
				COPY_PHASE_STRIP = NO;
				GCC_C_LANGUAGE_STANDARD = gnu99;
				GCC_DYNAMIC_NO_PIC = NO;
				GCC_OPTIMIZATION_LEVEL = 0;
				GCC_PREPROCESSOR_DEFINITIONS = (
					"DEBUG=1",
					"$(inherited)",
				);
				GCC_SYMBOLS_PRIVATE_EXTERN = NO;
				GCC_VERSION = com.apple.compilers.llvm.clang.1_0;
				GCC_WARN_ABOUT_MISSING_PROTOTYPES = YES;
				GCC_WARN_ABOUT_RETURN_TYPE = YES;
				GCC_WARN_UNUSED_VARIABLE = YES;
				IPHONEOS_DEPLOYMENT_TARGET = 5.0;
				PRODUCT_NAME = "Chael Sonnen";
				SDKROOT = iphoneos;
				TARGETED_DEVICE_FAMILY = "1,2";
			};
			name = Debug;
		};
		1A83A66F152BBF1700532D8E /* Release */ = {
			isa = XCBuildConfiguration;
			buildSettings = {
				ALWAYS_SEARCH_USER_PATHS = NO;
				ARCHS = "$(ARCHS_STANDARD_32_BIT)";
				CLANG_ENABLE_OBJC_ARC = YES;
				"CODE_SIGN_IDENTITY[sdk=iphoneos*]" = "iPhone Developer";
				COPY_PHASE_STRIP = YES;
				GCC_C_LANGUAGE_STANDARD = gnu99;
				GCC_VERSION = com.apple.compilers.llvm.clang.1_0;
				GCC_WARN_ABOUT_MISSING_PROTOTYPES = YES;
				GCC_WARN_ABOUT_RETURN_TYPE = YES;
				GCC_WARN_UNUSED_VARIABLE = YES;
				IPHONEOS_DEPLOYMENT_TARGET = 5.0;
				OTHER_CFLAGS = "-DNS_BLOCK_ASSERTIONS=1";
				PRODUCT_NAME = "Chael Sonnen";
				SDKROOT = iphoneos;
				TARGETED_DEVICE_FAMILY = "1,2";
				VALIDATE_PRODUCT = YES;
			};
			name = Release;
		};
		1A83A671152BBF1700532D8E /* Debug */ = {
			isa = XCBuildConfiguration;
			buildSettings = {
				GCC_PRECOMPILE_PREFIX_HEADER = YES;
				GCC_PREFIX_HEADER = "SonnensMouth/SonnensMouth-Prefix.pch";
				INFOPLIST_FILE = "SonnensMouth/SonnensMouth-Info.plist";
				IPHONEOS_DEPLOYMENT_TARGET = 5.0;
				PRODUCT_NAME = "$(TARGET_NAME)";
				WRAPPER_EXTENSION = app;
			};
			name = Debug;
		};
		1A83A672152BBF1700532D8E /* Release */ = {
			isa = XCBuildConfiguration;
			buildSettings = {
				GCC_PRECOMPILE_PREFIX_HEADER = YES;
				GCC_PREFIX_HEADER = "SonnensMouth/SonnensMouth-Prefix.pch";
				INFOPLIST_FILE = "SonnensMouth/SonnensMouth-Info.plist";
				IPHONEOS_DEPLOYMENT_TARGET = 5.0;
				PRODUCT_NAME = "$(TARGET_NAME)";
				WRAPPER_EXTENSION = app;
			};
			name = Release;
		};
		1A83A674152BBF1700532D8E /* Debug */ = {
			isa = XCBuildConfiguration;
			buildSettings = {
				BUNDLE_LOADER = "$(BUILT_PRODUCTS_DIR)/SonnensMouth.app/SonnensMouth";
				FRAMEWORK_SEARCH_PATHS = (
					"$(SDKROOT)/Developer/Library/Frameworks",
					"$(DEVELOPER_LIBRARY_DIR)/Frameworks",
				);
				GCC_PRECOMPILE_PREFIX_HEADER = YES;
				GCC_PREFIX_HEADER = "SonnensMouth/SonnensMouth-Prefix.pch";
				INFOPLIST_FILE = "SonnensMouthTests/SonnensMouthTests-Info.plist";
				PRODUCT_NAME = "$(TARGET_NAME)";
				TEST_HOST = "$(BUNDLE_LOADER)";
				WRAPPER_EXTENSION = octest;
			};
			name = Debug;
		};
		1A83A675152BBF1700532D8E /* Release */ = {
			isa = XCBuildConfiguration;
			buildSettings = {
				BUNDLE_LOADER = "$(BUILT_PRODUCTS_DIR)/SonnensMouth.app/SonnensMouth";
				FRAMEWORK_SEARCH_PATHS = (
					"$(SDKROOT)/Developer/Library/Frameworks",
					"$(DEVELOPER_LIBRARY_DIR)/Frameworks",
				);
				GCC_PRECOMPILE_PREFIX_HEADER = YES;
				GCC_PREFIX_HEADER = "SonnensMouth/SonnensMouth-Prefix.pch";
				INFOPLIST_FILE = "SonnensMouthTests/SonnensMouthTests-Info.plist";
				PRODUCT_NAME = "$(TARGET_NAME)";
				TEST_HOST = "$(BUNDLE_LOADER)";
				WRAPPER_EXTENSION = octest;
			};
			name = Release;
		};
/* End XCBuildConfiguration section */

/* Begin XCConfigurationList section */
		1A83A62B152BBF1500532D8E /* Build configuration list for PBXProject "SonnensMouth" */ = {
			isa = XCConfigurationList;
			buildConfigurations = (
				1A83A66E152BBF1700532D8E /* Debug */,
				1A83A66F152BBF1700532D8E /* Release */,
			);
			defaultConfigurationIsVisible = 0;
			defaultConfigurationName = Release;
		};
		1A83A670152BBF1700532D8E /* Build configuration list for PBXNativeTarget "SonnensMouth" */ = {
			isa = XCConfigurationList;
			buildConfigurations = (
				1A83A671152BBF1700532D8E /* Debug */,
				1A83A672152BBF1700532D8E /* Release */,
			);
			defaultConfigurationIsVisible = 0;
			defaultConfigurationName = Release;
		};
		1A83A673152BBF1700532D8E /* Build configuration list for PBXNativeTarget "SonnensMouthTests" */ = {
			isa = XCConfigurationList;
			buildConfigurations = (
				1A83A674152BBF1700532D8E /* Debug */,
				1A83A675152BBF1700532D8E /* Release */,
			);
			defaultConfigurationIsVisible = 0;
			defaultConfigurationName = Release;
		};
/* End XCConfigurationList section */

/* Begin XCVersionGroup section */
		1A83A64F152BBF1700532D8E /* SonnensMouth.xcdatamodeld */ = {
			isa = XCVersionGroup;
			children = (
				1A83A650152BBF1700532D8E /* SonnensMouth.xcdatamodel */,
			);
			currentVersion = 1A83A650152BBF1700532D8E /* SonnensMouth.xcdatamodel */;
			path = SonnensMouth.xcdatamodeld;
			sourceTree = "<group>";
			versionGroupType = wrapper.xcdatamodel;
		};
/* End XCVersionGroup section */
	};
	rootObject = 1A83A628152BBF1500532D8E /* Project object */;
}
